version = 1
revision = 3
requires-python = ">=3.12"

[[package]]
name = "ansicon"
version = "1.89.0"
source = { registry = "https://pypi.org/simple" }
sdist = { url = "https://files.pythonhosted.org/packages/b6/e2/1c866404ddbd280efedff4a9f15abfe943cb83cde6e895022370f3a61f85/ansicon-1.89.0.tar.gz", hash = "sha256:e4d039def5768a47e4afec8e89e83ec3ae5a26bf00ad851f914d1240b444d2b1", size = 67312, upload-time = "2019-04-29T20:23:57.314Z" }
wheels = [
    { url = "https://files.pythonhosted.org/packages/75/f9/f1c10e223c7b56a38109a3f2eb4e7fe9a757ea3ed3a166754fb30f65e466/ansicon-1.89.0-py2.py3-none-any.whl", hash = "sha256:f1def52d17f65c2c9682cf8370c03f541f410c1752d6a14029f97318e4b9dfec", size = 63675, upload-time = "2019-04-29T20:23:53.83Z" },
]

[[package]]
name = "blessed"
version = "1.50.0"
source = { registry = "https://pypi.org/simple" }
dependencies = [
    { name = "jinxed" },
    { name = "wcwidth" },
]
sdist = { url = "https://files.pythonhosted.org/packages/0c/7d/44d82d953d9bbcac57fe26507ea7ffba65ef1ec8f41f2b58da2fb12ef26c/blessed-1.50.0.tar.gz", hash = "sha256:046c9b2a5283a9c5bc340ed23b7d1c1f10ef2d7fb30b14bae13ef7ffc1f3ba56", size = 14062021, upload-time = "2026-09-14T18:47:20.833Z" }
wheels = [
    { url = "https://files.pythonhosted.org/packages/93/79/dbf3888fa9ee5566f0acf5b87e5eeeae854b4ff8d819a564a1e73d1b5b82/blessed-1.50.0-py3-none-any.whl", hash = "sha256:6a693d524f7c21129dd61c4d10f11bda89911c05dc7df91219854c9ccf394cbf", size = 140656, upload-time = "2026-09-14T18:47:15.736Z" },
]

[[package]]
name = "distro"
version = "1.9.0"
source = { registry = "https://pypi.org/simple" }
sdist = { url = "https://files.pythonhosted.org/packages/fc/f8/98eea607f65de6527f8a2e8885fc8015d3e6f5775df186e443e0964a11c3/distro-1.9.0.tar.gz", hash = "sha256:2fa77c6fd8940f116ee1d6b94a2f90b13b5ea8d019b98bc8bafdcabcdd9bdbed", size = 60722, upload-time = "2023-12-24T09:54:32.31Z" }
wheels = [
    { url = "https://files.pythonhosted.org/packages/12/b3/231ffd4ab1fc9d679809f356cebee130ac7daa00d6d6f3206dd4fd137e9e/distro-1.9.0-py3-none-any.whl", hash = "sha256:7bffd925d65168f85027d8da9af6bddab658135b840670a223589bc0c8ef02b2", size = 20277, upload-time = "2023-12-24T09:54:30.421Z" },
]

[[package]]
name = "jinxed"
version = "2.1.0"
source = { registry = "https://pypi.org/simple" }
dependencies = [
    { name = "ansicon", marker = "sys_platform == 'win32'" },
]
sdist = { url = "https://files.pythonhosted.org/packages/39/d7/6e6d474ec5eaeca6a61acc17766bb19563b3a372b4b9d92910078f5fe49f/jinxed-2.1.0.tar.gz", hash = "sha256:7e755b831faa2443d44fb4ce7c0202eb9c3ed39bd5bf1193365888f4f6092b54", size = 61287, upload-time = "2026-07-03T15:46:48.153Z" }
wheels = [
    { url = "https://files.pythonhosted.org/packages/f1/1d/0a6be99b69bb448448403a45a241aff0dca751832ae54f027ed940d2eb52/jinxed-2.1.0-py2.py3-none-any.whl", hash = "sha256:43b802d18b70e405d410fb66eb2837d1101e7e5ea922e666507bb43f34d11d09", size = 104999, upload-time = "2026-07-03T15:46:47.114Z" },
]

[[package]]
name = "marionette-driver"
version = "3.7.1"
source = { registry = "https://pypi.org/simple" }
dependencies = [
    { name = "mozrunner" },
    { name = "mozversion" },
    { name = "psutil", marker = "sys_platform == 'darwin'" },
]
sdist = { url = "https://files.pythonhosted.org/packages/d6/e1/dbdf436734da5b35c616e2191c1a6142a8e30a83c440943b2056a131a92f/marionette_driver-3.7.1.tar.gz", hash = "sha256:5f84e83658d7190004517aad351b8c8a134a07ad487cb189d4f639ff7d77cdca", size = 49053, upload-time = "2026-07-20T06:03:36.277Z" }
wheels = [
    { url = "https://files.pythonhosted.org/packages/5a/ed/cdb5374088634e13a4bcb6b85716f4c65ee3da5a07ff3a56999881214428/marionette_driver-3.7.1-py3-none-any.whl", hash = "sha256:6c9286604cff5ae86e9b490078c1ecb54c6625576967e1b9ae93a952817692ef", size = 54383, upload-time = "2026-07-20T06:03:34.953Z" },
]

[[package]]
name = "mozdevice"
version = "4.2.0"
source = { registry = "https://pypi.org/simple" }
dependencies = [
    { name = "mozlog" },
]
sdist = { url = "https://files.pythonhosted.org/packages/65/a2/130ea771cecff7e03fe1b2366c93a2a58f52a7bd14ee36b370acabc0f5b6/mozdevice-4.2.0.tar.gz", hash = "sha256:d04bd5bb0105d906c9516f58000edece8d397df9726d18c3fda9eb06c4246c21", size = 44713, upload-time = "2024-11-07T21:35:45.99Z" }
wheels = [
    { url = "https://files.pythonhosted.org/packages/90/3c/02d47e719505af2745df5c0d5083305850ccd02fc56cbee4c4eca8fa321f/mozdevice-4.2.0-py2.py3-none-any.whl", hash = "sha256:7fbb961cda951b2c2dd4abc2e8aef73dfd99aa0ffd852da707f9b631ad760647", size = 44473, upload-time = "2024-11-07T21:35:43.722Z" },
]

[[package]]
name = "mozfile"
version = "3.0.0"
source = { registry = "https://pypi.org/simple" }
dependencies = [
    { name = "six" },
]
sdist = { url = "https://files.pythonhosted.org/packages/25/f8/a1f0076490d50dbe8bdcf15df97856a4734f459aaf0a4d42c64a11ab7231/mozfile-3.0.0.tar.gz", hash = "sha256:92ca1a786abbdf5e6a7aada62d3a4e28f441ef069c7623223add45268e53c789", size = 7699, upload-time = "2022-10-13T13:09:09.347Z" }
wheels = [
    { url = "https://files.pythonhosted.org/packages/76/cd/fe6b0afa57fbf026631de1435682735dae0aa0ffbe3855f62806da31c55b/mozfile-3.0.0-py2.py3-none-any.whl", hash = "sha256:3b0afcda2fa8b802ef657df80a56f21619008f61fcc14b756124028d7b7adf5c", size = 8227, upload-time = "2022-10-13T13:09:08.03Z" },
]

[[package]]
name = "mozinfo"
version = "1.2.3"
source = { registry = "https://pypi.org/simple" }
dependencies = [
    { name = "distro" },
    { name = "mozfile" },
]
sdist = { url = "https://files.pythonhosted.org/packages/23/35/96cccb2244a08247f5c1b5e810d6117d35a30e4a3e29679ed0c7dd2406c6/mozinfo-1.2.3.tar.gz", hash = "sha256:5d2b8a5f1b362692f221e33eb3ff47454a580db1a1384614cdc637b31131b438", size = 6358, upload-time = "2023-07-28T13:50:55.068Z" }
wheels = [
    { url = "https://files.pythonhosted.org/packages/28/b2/0efcb9aa6d1362aa00b567c8f355f028332a5a533f80c45e5dacd12a5466/mozinfo-1.2.3-py2.py3-none-any.whl", hash = "sha256:90e0cfb377fc2cc3fad023d38c1f6d60a9135400ff5684a04abf79ca5cc3c521", size = 7454, upload-time = "2023-07-28T13:50:52.402Z" },
]

[[package]]
name = "mozlog"
version = "8.1.0"
source = { registry = "https://pypi.org/simple" }
dependencies = [
    { name = "blessed" },
    { name = "mozfile" },
    { name = "mozsystemmonitor" },
    { name = "mozterm" },
]
sdist = { url = "https://files.pythonhosted.org/packages/4e/e6/a6886a2b5ad91f96abf9460ff4f1acb45435600eedfb4440b740f278a5b2/mozlog-8.1.0.tar.gz", hash = "sha256:89a2a9b3b54d71ab3572b7fb3b3af13100bd447ac3d980eb173d2da56498bac4", size = 70389, upload-time = "2026-03-23T11:14:37.607Z" }
wheels = [
    { url = "https://files.pythonhosted.org/packages/d5/d0/2b4570c6328aefe8060f950577ff660bac1b4e57e9ba9821977c06f03f43/mozlog-8.1.0-py2.py3-none-any.whl", hash = "sha256:bc4a715e03896ebdb727d4df133d188cb53bcce18a1bbb90baa6bba6b83b007a", size = 72222, upload-time = "2026-03-23T11:14:38.836Z" },
]

[[package]]
name = "mozprocess"
version = "1.4.0"
source = { registry = "https://pypi.org/simple" }
dependencies = [
    { name = "mozinfo" },
]
sdist = { url = "https://files.pythonhosted.org/packages/3a/72/ecf7be35e24065c5780412627f4269a8bdae71eb42823d1416ea6968db11/mozprocess-1.4.0.tar.gz", hash = "sha256:6dbb6ebb5e01d6bdf1b24202719ad298331885aee088375e7e4372cdf9d5bb98", size = 21642, upload-time = "2024-08-19T15:40:38.39Z" }
wheels = [
    { url = "https://files.pythonhosted.org/packages/7c/a3/354e9f0c8b629319e6f6334beaf42e38eeb5ddc821c77e9082752b037d3f/mozprocess-1.4.0-py2.py3-none-any.whl", hash = "sha256:9a3b218dab0f1277275be7d89d673cd55b062519043a88a1a1a77eacefdfdf5e", size = 23105, upload-time = "2024-08-19T15:40:36.691Z" },
]

[[package]]
name = "mozprofile"
version = "3.0.0"
source = { registry = "https://pypi.org/simple" }
dependencies = [
    { name = "mozfile" },
    { name = "mozlog" },
    { name = "six" },
]
sdist = { url = "https://files.pythonhosted.org/packages/00/eb/9de383c0ccfa3ac7ca21fe5d8fd861579c83c119d72ae1fe2d25e787c5b3/mozprofile-3.0.0.tar.gz", hash = "sha256:af661290cc91b15b6a6943d2bf5a2b0f708bc9e0289a8e0bf1da7593eaaab6d0", size = 28864, upload-time = "2024-04-26T08:16:45.197Z" }

[[package]]
name = "mozrunner"
version = "8.4.0"
source = { registry = "https://pypi.org/simple" }
dependencies = [
    { name = "mozdevice" },
    { name = "mozfile" },
    { name = "mozinfo" },
    { name = "mozlog" },
    { name = "mozprocess" },
    { name = "mozprofile" },
]
sdist = { url = "https://files.pythonhosted.org/packages/32/5a/3b1d7eddcf82d4a0897b20ca0a0db5bf70e50e3edf9d3f1a0c2cf50f730d/mozrunner-8.4.0.tar.gz", hash = "sha256:06aa9b809a4853b7ad4fdd0b90c707352532e06ecc047ea2ff5541bc93debcdc", size = 41414, upload-time = "2026-03-26T10:30:16.674Z" }
wheels = [
    { url = "https://files.pythonhosted.org/packages/68/3a/2953c91c54a4e4e63658f239eec31cd7a2820870fb80ddbb7bf3f15ef1ac/mozrunner-8.4.0-py2.py3-none-any.whl", hash = "sha256:fa5fc6edfc501ebf2dd0faf24934a626e2e0f67abb26d4878651fea54275b14f", size = 47219, upload-time = "2026-03-26T10:30:15.41Z" },
]

[[package]]
name = "mozsystemmonitor"
version = "1.0.1"
source = { registry = "https://pypi.org/simple" }
dependencies = [
    { name = "psutil" },
]
sdist = { url = "https://files.pythonhosted.org/packages/a1/92/0ddc5e635a5a8452b6335e63d28a55bf3a107af7ec294d38c55db36e8658/mozsystemmonitor-1.0.1.tar.gz", hash = "sha256:7610ee209f4284d16780d5de2945de8e0fb528dba71682434fee44cd33c8ae24", size = 8810, upload-time = "2022-11-14T22:05:00.489Z" }
wheels = [
    { url = "https://files.pythonhosted.org/packages/95/59/7a5f8f48946281c7a24bcecd722925493c0e67dabbc0826d215f2f45da9c/mozsystemmonitor-1.0.1-py2.py3-none-any.whl", hash = "sha256:ab30a7587fdfee6041287f7b953911b07d0441d22bfa04bb4d82541c48bdcb02", size = 8546, upload-time = "2022-11-14T22:04:58.364Z" },
]

[[package]]
name = "mozterm"
version = "1.0.0"
source = { registry = "https://pypi.org/simple" }
dependencies = [
    { name = "six" },
]
sdist = { url = "https://files.pythonhosted.org/packages/a0/69/5ff6001df98cf1894e6fb4aa74eda1504f830515e52fc6b0a3acc8c1a788/mozterm-1.0.0.tar.gz", hash = "sha256:b1e91acec188de07c704dbb7b0100a7be5c1e06567b3beb67f6ea11d00a483a4", size = 3121, upload-time = "2018-07-03T13:00:33.377Z" }
wheels = [
    { url = "https://files.pythonhosted.org/packages/ab/eb/0c53684f5821d666372c6ea03d8c64558c8f74fda0fd5b24ae3dd2ab6a95/mozterm-1.0.0-py2.py3-none-any.whl", hash = "sha256:f5eafa25c23d391e2a2bb1dd45ee928fc9e3c811977a3856b5a5a0778011053c", size = 3428, upload-time = "2018-07-03T13:00:34.231Z" },
]

[[package]]
name = "mozversion"
version = "2.4.0"
source = { registry = "https://pypi.org/simple" }
dependencies = [
    { name = "mozlog" },
    { name = "six" },
]
sdist = { url = "https://files.pythonhosted.org/packages/64/1f/d6a90f6da9b362642d6d4301202f20c8750322b2b365823b0362d4505821/mozversion-2.4.0.tar.gz", hash = "sha256:5b11ceb280c519cd92f450b91a750ae8b7f7c8258f6e93c7e520592d85ffbf07", size = 3121, upload-time = "2023-07-28T13:53:14.715Z" }
wheels = [
    { url = "https://files.pythonhosted.org/packages/db/86/7ec5f7c4edee8929523dc9c07d1aba4a89d8f53a99b0fcaa3d71c71f99cc/mozversion-2.4.0-py2.py3-none-any.whl", hash = "sha256:d9a0b997ff48a979f694af9e6fd3fb819f411e8199045a0b362d6ba112cb5676", size = 4281, upload-time = "2023-07-28T13:53:13.153Z" },
]

[[package]]
name = "pillow"
version = "12.3.0"
source = { registry = "https://pypi.org/simple" }
sdist = { url = "https://files.pythonhosted.org/packages/1c/3d/bb7fca845737cf9d7dbde16ed1843984665ff2e0a518f5db43e77ec540b9/pillow-12.3.0.tar.gz", hash = "sha256:3b8182a766685eaa002637e28b4ec8d6b18819a0c71f579bf0dbaa5830297cce", size = 47025035, upload-time = "2026-07-01T11:56:38.965Z" }
wheels = [
    { url = "https://files.pythonhosted.org/packages/37/bf/fb3ebff8ddcb76aac5a01389251bbbb9519922a9b520d8247c1ca864a25d/pillow-12.3.0-cp312-cp312-macosx_10_13_x86_64.whl", hash = "sha256:ba09209fbe443b4acccebe845d8a138b89a8f4fbaeedd44953490b5315d5e965", size = 5345969, upload-time = "2026-07-01T11:54:06.397Z" },
    { url = "https://files.pythonhosted.org/packages/d8/66/9a386a92561f402389a4fc70c18838bf6d35eb5eb5c6850b4b2dc64f5048/pillow-12.3.0-cp312-cp312-macosx_11_0_arm64.whl", hash = "sha256:ffd0c5368496f41b0944be820fcb7a838aa6e623d250b01acf2643939c3f99d7", size = 4780323, upload-time = "2026-07-01T11:54:09.351Z" },
    { url = "https://files.pythonhosted.org/packages/25/27/ac8f99618ffd3dde21db0f4d4b1d2ab00c0880595bfd17df103f7f39fd0c/pillow-12.3.0-cp312-cp312-manylinux_2_27_aarch64.manylinux_2_28_aarch64.whl", hash = "sha256:d9c7f76c0673154f044e9d78c8655fb4213f6ca31a836df48b40fe5d187717b9", size = 6266838, upload-time = "2026-07-01T11:54:11.71Z" },
    { url = "https://files.pythonhosted.org/packages/84/21/a35af28dcc61f37ed850a2d64c65c701321dfbf25085e469d5559360cbbf/pillow-12.3.0-cp312-cp312-manylinux_2_27_x86_64.manylinux_2_28_x86_64.whl", hash = "sha256:78cb2c6865a35ab8ff8b75fd122f6033b92a62c82801110e48ddd6c936a45d91", size = 6940830, upload-time = "2026-07-01T11:54:13.732Z" },
    { url = "https://files.pythonhosted.org/packages/eb/51/8b08617af3ad95e33ce6d7dd2c99ed6c8298f7fb131636303956be022e25/pillow-12.3.0-cp312-cp312-musllinux_1_2_aarch64.whl", hash = "sha256:e491916b378fba47242221bb9ead245211b70d504f495d105d17b14a24b4907c", size = 6344383, upload-time = "2026-07-01T11:54:15.756Z" },
    { url = "https://files.pythonhosted.org/packages/1d/72/cf78ac9780bb93c28328f408973845a309d4d145041665f734572ced1b52/pillow-12.3.0-cp312-cp312-musllinux_1_2_x86_64.whl", hash = "sha256:0dd2064cbc55aaec028ef5fbb60fa47bb6c3e7918e07ff17935284b227a9d2df", size = 7052934, upload-time = "2026-07-01T11:54:17.721Z" },
    { url = "https://files.pythonhosted.org/packages/20/20/25e0f4dc178a6bc0696793720055519a0de89e7661dae886992decbd2f81/pillow-12.3.0-cp312-cp312-win32.whl", hash = "sha256:dbce0b29841537a2fa4a214c2bbf14de3587c9680caa9b4e217568472490b28f", size = 6472684, upload-time = "2026-07-01T11:54:19.839Z" },
    { url = "https://files.pythonhosted.org/packages/45/89/da2f7971a317f83d807fdd4065c0af40208e59e692cc43d315a71a0e96d1/pillow-12.3.0-cp312-cp312-win_amd64.whl", hash = "sha256:a2b55dd6b2a4c4b7d87ffa56bdb33fdc5fdb9a462173861a7bc097f17d91cb09", size = 7227137, upload-time = "2026-07-01T11:54:22.025Z" },
    { url = "https://files.pythonhosted.org/packages/de/47/4845a0a6c0dbf1db8456bd9fc791f13c5ced7ced20606d08a0aacfd25b49/pillow-12.3.0-cp312-cp312-win_arm64.whl", hash = "sha256:331b624368d4f1d069149002f25f44bc61c8919ce8ddb3c45bdad8f6e2d89510", size = 2568267, upload-time = "2026-07-01T11:54:24.051Z" },
    { url = "https://files.pythonhosted.org/packages/9d/ac/31fb64e1e7efb5a4b50cd3d92049ba89ac6e4d8d3bb6a74e15048ca3353e/pillow-12.3.0-cp313-cp313-ios_13_0_arm64_iphoneos.whl", hash = "sha256:21900ce7ba264168cd50defae43cd75d25c833ad4ad6e73ffc5596d12e25ac89", size = 4161684, upload-time = "2026-07-01T11:54:25.934Z" },
    { url = "https://files.pythonhosted.org/packages/87/b4/9805e23d2b4d77842b468513841fda254ee42f0289d25088340e4ff46e2d/pillow-12.3.0-cp313-cp313-ios_13_0_arm64_iphonesimulator.whl", hash = "sha256:4e8c2a84d977f50b9daed6eeaf3baef67d00d5d74d932288f02cb94518ee3ace", size = 4255487, upload-time = "2026-07-01T11:54:27.935Z" },
    { url = "https://files.pythonhosted.org/packages/df/39/ecf519435a200c693fe053a6ee4d835b41cf963a4dfc2551c4e637cb2a71/pillow-12.3.0-cp313-cp313-ios_13_0_x86_64_iphonesimulator.whl", hash = "sha256:ae26d61dfa7a47befdc7572b521024e8745f3d809bd95ca9505a7bba9ef849ec", size = 3696433, upload-time = "2026-07-01T11:54:29.813Z" },
    { url = "https://files.pythonhosted.org/packages/42/92/2fc3ffad878ae8dd5469ec1bc8eb83b71f48e13efdf68f02709003982a32/pillow-12.3.0-cp313-cp313-macosx_10_13_x86_64.whl", hash = "sha256:7a743ff716f746fc19a9557f60dab1600d4613255f8a7aeb3cdde4db7eb15a66", size = 5345889, upload-time = "2026-07-01T11:54:31.97Z" },
    { url = "https://files.pythonhosted.org/packages/10/76/8803c13605b763d33d156c4678fc77f8443389c0c51c8aef707bb02015f4/pillow-12.3.0-cp313-cp313-macosx_11_0_arm64.whl", hash = "sha256:d69141514cc30b774ceea5e3ed3a6635c8d8a96edf664689b890f4089111fb35", size = 4780109, upload-time = "2026-07-01T11:54:34.026Z" },
    { url = "https://files.pythonhosted.org/packages/1f/01/e18aff37cb0b4aac47ac90f016d347a49aca667ef97f190b06ac2aabc928/pillow-12.3.0-cp313-cp313-manylinux_2_27_aarch64.manylinux_2_28_aarch64.whl", hash = "sha256:f7401aebd7f581d7f83a439d87d474999317ee099218e5ad25d125290990ba65", size = 6263736, upload-time = "2026-07-01T11:54:36.131Z" },
    { url = "https://files.pythonhosted.org/packages/f7/62/de5bdd77d935331f4f802edc11e4d82950f642caad6cb2f949837b8560e2/pillow-12.3.0-cp313-cp313-manylinux_2_27_x86_64.manylinux_2_28_x86_64.whl", hash = "sha256:0847a763afefb695bc912d7c131e7e0632d4edc1d8698f58ddabec8e46b8b6d3", size = 6937129, upload-time = "2026-07-01T11:54:38.216Z" },
    { url = "https://files.pythonhosted.org/packages/70/4d/105627a13300c5e0df1d174230b32fd1273062c96f7745fd552b945d1e1d/pillow-12.3.0-cp313-cp313-musllinux_1_2_aarch64.whl", hash = "sha256:571b9fcb07b97ef3a492028fb3d2dc0993ca23a06138b0315286566d29ef718a", size = 6339562, upload-time = "2026-07-01T11:54:40.354Z" },
    { url = "https://files.pythonhosted.org/packages/6b/1d/f13de01a553988ab895ba1c722e06cf3144d4f57656fd5b81b6d881f1179/pillow-12.3.0-cp313-cp313-musllinux_1_2_x86_64.whl", hash = "sha256:756c768d0c9c2955feb7a56c37ea24aea2e369f8d36a88da270b6a9f19e62b5e", size = 7049439, upload-time = "2026-07-01T11:54:42.489Z" },
    { url = "https://files.pythonhosted.org/packages/c9/f9/066794cca041b969964f779ee5fa66a9498bbf34248ac39c5d7954e4198f/pillow-12.3.0-cp313-cp313-win32.whl", hash = "sha256:a876864214e136f0eb367788dbd7df045f4806801518e2cfe9e13229cfe06d8f", size = 6473287, upload-time = "2026-07-01T11:54:44.9Z" },
    { url = "https://files.pythonhosted.org/packages/a6/9b/7a58e61d62be561da3a356fe2384d4059a6345fc130e23ef1c36a5b81d24/pillow-12.3.0-cp313-cp313-win_amd64.whl", hash = "sha256:1cca606cd25738df4ed873d5ad46bbdb3d83b5cbca291f6b4ff13a4df6b0bbe8", size = 7239691, upload-time = "2026-07-01T11:54:47.141Z" },
    { url = "https://files.pythonhosted.org/packages/aa/b0/c4ed4f0ef8f8fa5ee8351537db6650bb8189f7e118842978dd6589065692/pillow-12.3.0-cp313-cp313-win_arm64.whl", hash = "sha256:b629de27fda84b42cde7edef0d85f13b958b47f6e9bbcbba9b673c562a89bd8b", size = 2568185, upload-time = "2026-07-01T11:54:49.137Z" },
    { url = "https://files.pythonhosted.org/packages/dc/01/001f65b68192f0228cc1dbbc8d2530ab5d58b61037ba0587f946fea607cd/pillow-12.3.0-cp314-cp314-ios_13_0_arm64_iphoneos.whl", hash = "sha256:9cf95fe4d0f84c82d282745d9bb08ad9f926efa00be4697e767b814ce40d4330", size = 4161736, upload-time = "2026-07-01T11:54:51.156Z" },
    { url = "https://files.pythonhosted.org/packages/1a/d2/0219746d0fd16fc8a84498e79452375be3797d3ce4044596ce565164b84f/pillow-12.3.0-cp314-cp314-ios_13_0_arm64_iphonesimulator.whl", hash = "sha256:8728f216dcdb6e6d555cf971cb34076139ad74b31fc2c14da4fafc741c5f6217", size = 4255435, upload-time = "2026-07-01T11:54:53.414Z" },
    { url = "https://files.pythonhosted.org/packages/c8/02/8d0bc62ef0302318c46ff2a512822d2610e81c7aa46c9b3abe6cbaca5ad0/pillow-12.3.0-cp314-cp314-ios_13_0_x86_64_iphonesimulator.whl", hash = "sha256:a45650e8ce7fafffd731db8550230db6b0d306d181a90b67d3e6bca2f1990930", size = 3696262, upload-time = "2026-07-01T11:54:55.739Z" },
    { url = "https://files.pythonhosted.org/packages/85/e2/73c77d218410b14f5f2d565e8a998d5317b7b9c75368d29985139f7a46f0/pillow-12.3.0-cp314-cp314-macosx_10_15_x86_64.whl", hash = "sha256:ba54cfebe86920a559a7c4d6b9050791c20513650a1952ebe3368c7dc70306f8", size = 5350344, upload-time = "2026-07-01T11:54:57.657Z" },
    { url = "https://files.pythonhosted.org/packages/c7/da/32c752228ae345f489e3a42499d817b6c3996da7e8a3bc7a04fc806b243b/pillow-12.3.0-cp314-cp314-macosx_11_0_arm64.whl", hash = "sha256:e158cb00350dc278f3b91551101aa7d12415a66ebf2c91d8d5ac14e56ddd3ad0", size = 4780131, upload-time = "2026-07-01T11:54:59.713Z" },
    { url = "https://files.pythonhosted.org/packages/b1/9d/8b2c807dbef61a5197c047afe99823787eb66f63daf9fb2432f91d6f0462/pillow-12.3.0-cp314-cp314-manylinux_2_27_aarch64.manylinux_2_28_aarch64.whl", hash = "sha256:e9aeb04d6aef139de265b29683e119b638208f88cf73cdd1658aa07221165321", size = 6263757, upload-time = "2026-07-01T11:55:01.778Z" },
    { url = "https://files.pythonhosted.org/packages/5c/44/c85361f65dbe00eea8576ee467c768d25129989efb76e94f205e9ca9bb46/pillow-12.3.0-cp314-cp314-manylinux_2_27_x86_64.manylinux_2_28_x86_64.whl", hash = "sha256:251bf95b67017e27b13d82f5b326234ca62d70f9cf4c2b9032de2358a3b12c7b", size = 6936962, upload-time = "2026-07-01T11:55:03.93Z" },
    { url = "https://files.pythonhosted.org/packages/18/7e/e483414b35800b86b6f08dbbc7803fb5cd52c4d6f897f47d53ea2c7e6f65/pillow-12.3.0-cp314-cp314-musllinux_1_2_aarch64.whl", hash = "sha256:fe3cca2e4e8a592be0f269a1ca4835c25199d9f3ce815c8491048f785b0a0198", size = 6339171, upload-time = "2026-07-01T11:55:05.989Z" },
    { url = "https://files.pythonhosted.org/packages/f0/f4/68c491844841ede6bed70189546b3ee9731cf9f2cbad396faff5e1ccba45/pillow-12.3.0-cp314-cp314-musllinux_1_2_x86_64.whl", hash = "sha256:23aceaa007d6172b02c277f0cd359c79492bbb14f7072b4ede9fbcaf20648130", size = 7048116, upload-time = "2026-07-01T11:55:08.131Z" },
    { url = "https://files.pythonhosted.org/packages/a3/34/77f3f793fed8efc7d243f21b33c5a3f0d1c97ee70346d3db855587e155ff/pillow-12.3.0-cp314-cp314-win32.whl", hash = "sha256:af8d94b0db561cf68b88a267c5c44b49e134f525d0dc2cb7ed413a66bc23559a", size = 6467209, upload-time = "2026-07-01T11:55:10.408Z" },
    { url = "https://files.pythonhosted.org/packages/f1/e0/492879f69d94f91f60fc8cd05ba03650e9520afebb2fb7aa12777d7c7f38/pillow-12.3.0-cp314-cp314-win_amd64.whl", hash = "sha256:fdafc9cce40277e0f7a0feabce0ee50dd2fa1800f3b38015e51296b5e814048d", size = 7237707, upload-time = "2026-07-01T11:55:12.745Z" },
    { url = "https://files.pythonhosted.org/packages/c9/ac/6b11f2875f1c2ac040d84e1bbf9cf22a88038f901ca1037898b280b38365/pillow-12.3.0-cp314-cp314-win_arm64.whl", hash = "sha256:e91206ee562682b51b98ef4b26a6ef48fd84e15fd4c4bc5ec768eb641d206838", size = 2565995, upload-time = "2026-07-01T11:55:14.736Z" },
    { url = "https://files.pythonhosted.org/packages/52/69/c2208e56af9bfc1913afb24020297a691eb1d4ef688474c8a04913f65e04/pillow-12.3.0-cp314-cp314t-macosx_10_15_x86_64.whl", hash = "sha256:164b31cd1a0490ab6efae01aa5df49da7061be0af1b30e035b6e9a1bfe34ee6e", size = 5352503, upload-time = "2026-07-01T11:55:17.076Z" },
    { url = "https://files.pythonhosted.org/packages/07/70/e5686d753e898a45d778ff1718dba8516ead6ab6b95d85fc8c4b70650cf2/pillow-12.3.0-cp314-cp314t-macosx_11_0_arm64.whl", hash = "sha256:5afb51d599ea772b8365ae807ae557f18bccfe46ab261fd1c2a9ed700fc6eb17", size = 4782956, upload-time = "2026-07-01T11:55:19.448Z" },
    { url = "https://files.pythonhosted.org/packages/d5/37/25c6692f06927ee973ff18c8d9ee98ad0b4d84ee67a09610c2dd1447958e/pillow-12.3.0-cp314-cp314t-manylinux_2_27_aarch64.manylinux_2_28_aarch64.whl", hash = "sha256:3edce1d53195db527e0191f84b71d02022de0540bf43a16ed734ed7537b07385", size = 6322855, upload-time = "2026-07-01T11:55:21.613Z" },
    { url = "https://files.pythonhosted.org/packages/cc/91/420637fcb8f1bc11029e403b4538e6694744428d8246118e45719f944556/pillow-12.3.0-cp314-cp314t-manylinux_2_27_x86_64.manylinux_2_28_x86_64.whl", hash = "sha256:bf16ba1b4d0b6b7c8e534936632270cf70eb00dbe09005bc345b2677b726855c", size = 6989642, upload-time = "2026-07-01T11:55:24.006Z" },
    { url = "https://files.pythonhosted.org/packages/10/08/b94d7811281ccf0d143a1cf768d1c49e1e54af63e7b708ab2ee3eb87face/pillow-12.3.0-cp314-cp314t-musllinux_1_2_aarch64.whl", hash = "sha256:24870b09b224f7ae3c39ed07d10e819d06f8720bc551847b1d623832b5b0e28d", size = 6391281, upload-time = "2026-07-01T11:55:26.252Z" },
    { url = "https://files.pythonhosted.org/packages/d2/87/24233f785f55474dc02ce3e739c5528a77e3a862e9333d1dd7a25cc31f70/pillow-12.3.0-cp314-cp314t-musllinux_1_2_x86_64.whl", hash = "sha256:30f2aa603c41533cc25c05acd0da21636e84a315768feb631c937177db558931", size = 7096716, upload-time = "2026-07-01T11:55:28.318Z" },
    { url = "https://files.pythonhosted.org/packages/23/26/fcb2f6e37175b04f53570b59937867e2b80ee1685e744023153028fc14f9/pillow-12.3.0-cp314-cp314t-win32.whl", hash = "sha256:4b0a7fe987b14c31ebda6083f74f22b561fd3739bc0ac51e019622e3d72668c7", size = 6474125, upload-time = "2026-07-01T11:55:30.956Z" },
    { url = "https://files.pythonhosted.org/packages/90/de/3634abee5f1c9e13c56787b7d5517b0ba8d6de51700b95578cf338349c9f/pillow-12.3.0-cp314-cp314t-win_amd64.whl", hash = "sha256:962864dc93511324d51ddbb5b9f8731bf71675b93ca612a07441896f4688fb8c", size = 7242939, upload-time = "2026-07-01T11:55:34.044Z" },
    { url = "https://files.pythonhosted.org/packages/ce/2a/fd13f8eb24de5714a6eb444a3d67e2842c6c576e159a43793adf23051351/pillow-12.3.0-cp314-cp314t-win_arm64.whl", hash = "sha256:0740a512dc522224c77d9aa5a8d70d8b7d73fb91f2c21125d8d025d3b8990e45", size = 2567506, upload-time = "2026-07-01T11:55:35.988Z" },
    { url = "https://files.pythonhosted.org/packages/5d/dc/8fdce34ec725a33c81c6ba122b904d6b9024e50ea9ac7bede62fab54506c/pillow-12.3.0-cp315-cp315-ios_13_0_arm64_iphoneos.whl", hash = "sha256:0feb2e9d6ad6c9e3c06effe9d00f3f1e618a6643273576b016f591e9315a7139", size = 4162063, upload-time = "2026-07-01T11:55:37.941Z" },
    { url = "https://files.pythonhosted.org/packages/76/66/2044b9a63d3b84ff048228dfcb7cd9bf0df983e8470971bf7d4c57b693de/pillow-12.3.0-cp315-cp315-ios_13_0_arm64_iphonesimulator.whl", hash = "sha256:9e881fca225083806662a5c43d627d215f258ff43c890f831966c7d7ba9c7402", size = 4255549, upload-time = "2026-07-01T11:55:40.022Z" },
    { url = "https://files.pythonhosted.org/packages/52/7e/1f67e6f4ece6b582ee4b539decbcc9f848dc245a93ed8cd7338bafef72f1/pillow-12.3.0-cp315-cp315-ios_13_0_x86_64_iphonesimulator.whl", hash = "sha256:4998562bf62a445225f22e07c896bb04b35b1b1f2eb6d760584c9c51d7a5f78c", size = 3696331, upload-time = "2026-07-01T11:55:41.98Z" },
    { url = "https://files.pythonhosted.org/packages/12/40/d306fc2c8e4d45d7f175c77edca7063be7b86fe7fe6e68f4353bf71d808c/pillow-12.3.0-cp315-cp315-macosx_10_15_x86_64.whl", hash = "sha256:dc624f6bc473dacdf7ef7eb8678d0d08edf15cd94fad6ae5c7d6cc67a4e4902f", size = 5350370, upload-time = "2026-07-01T11:55:44.028Z" },
    { url = "https://files.pythonhosted.org/packages/dd/44/668fb1437e8ce420f62d6106eb66e44a5971602a4d794615bdf79315d82d/pillow-12.3.0-cp315-cp315-macosx_11_0_arm64.whl", hash = "sha256:71d6097b330eea8fd15097780c8e89cb1a8ce7838669f48c5bacd6f663dd4701", size = 4780147, upload-time = "2026-07-01T11:55:46.073Z" },
    { url = "https://files.pythonhosted.org/packages/0c/08/93fa2e70e30a2d81547e481b6ee2bb9522117221fb1e0ce4b5df70967677/pillow-12.3.0-cp315-cp315-manylinux_2_27_aarch64.manylinux_2_28_aarch64.whl", hash = "sha256:28ce87c5ab450a9dd970b52e5aca5fe63ed432d18a2eaddd1979a00a1ba24ace", size = 6273659, upload-time = "2026-07-01T11:55:48.264Z" },
    { url = "https://files.pythonhosted.org/packages/f8/6d/043e96ff814fc31a33077e4cba86082167db520c93632afdf2042febbb0c/pillow-12.3.0-cp315-cp315-manylinux_2_27_x86_64.manylinux_2_28_x86_64.whl", hash = "sha256:6b02afb9b97f65fbca5f31db6a2a3ba21aa93030225f150fa3f249717e938fb4", size = 6947439, upload-time = "2026-07-01T11:55:50.503Z" },
    { url = "https://files.pythonhosted.org/packages/af/92/ba71d2ee2ac0edf3fa33bd9d5ee9ee080da70b1766f3ca3934f9938ddac9/pillow-12.3.0-cp315-cp315-musllinux_1_2_aarch64.whl", hash = "sha256:1182d52bc2d5e5d7d0949503aa7e36d12f42205dc287e4883f407b1988820d39", size = 6353577, upload-time = "2026-07-01T11:55:52.697Z" },
    { url = "https://files.pythonhosted.org/packages/0f/ce/e63064e2122923ff687c8ad792d0d736a7b3920a56a46982e81a7fdd25d6/pillow-12.3.0-cp315-cp315-musllinux_1_2_x86_64.whl", hash = "sha256:e795b7eb908249c4e43c7c99fac7c2c75dab0c43566e37db472a355f63693d71", size = 7060394, upload-time = "2026-07-01T11:55:55.149Z" },
    { url = "https://files.pythonhosted.org/packages/54/76/a09cc3ccc8d773a7283d34c38bec1708f9e3cc932093cbc4c5e71ac4060b/pillow-12.3.0-cp315-cp315-win32.whl", hash = "sha256:57b3d78c95ba9059768b10e28b813002261d3f3dfc55cc48b0c988f625175827", size = 6467375, upload-time = "2026-07-01T11:55:57.769Z" },
    { url = "https://files.pythonhosted.org/packages/3e/03/1846c49ba3b1d5550392a4bbd06d6fb4578e1cd91a803198b5c90f5f7d53/pillow-12.3.0-cp315-cp315-win_amd64.whl", hash = "sha256:fa4ecea169a355be7a3ade2c783e2ed12f0e40d2c5621cda8b3297faf7fbb9f5", size = 7237048, upload-time = "2026-07-01T11:55:59.975Z" },
    { url = "https://files.pythonhosted.org/packages/fb/bb/89f35dcc79610423f9f195504d7def7f0d1416a711541b42867e25fe3412/pillow-12.3.0-cp315-cp315-win_arm64.whl", hash = "sha256:877c3f311ff35410f690861c4409e7ccbf0cd2f878e50628a28e5a0bb689e658", size = 2566006, upload-time = "2026-07-01T11:56:02.143Z" },
    { url = "https://files.pythonhosted.org/packages/30/88/707027ba09942dfa2c28759b5c222d769290a41c6d20ea60ec250801941f/pillow-12.3.0-cp315-cp315t-macosx_10_15_x86_64.whl", hash = "sha256:e9871b1ffbfa9656b60aeee92ed5136a5742696006fa322b29ea3d8da0ecc9cf", size = 5352509, upload-time = "2026-07-01T11:56:04.2Z" },
    { url = "https://files.pythonhosted.org/packages/b0/6d/00352fa25332c2569cd387851f568cc5a4b75a9adbfb37ac4fbce4c02eec/pillow-12.3.0-cp315-cp315t-macosx_11_0_arm64.whl", hash = "sha256:53aa02d20d10c3d814d536aa4e5ac9b84ca0ff5a88377963b085ad6822f93e64", size = 4783167, upload-time = "2026-07-01T11:56:06.631Z" },
    { url = "https://files.pythonhosted.org/packages/13/4f/9e049dfa21af7c22427275720e2490267ba8138120add5c4c574deb69782/pillow-12.3.0-cp315-cp315t-manylinux_2_27_aarch64.manylinux_2_28_aarch64.whl", hash = "sha256:446c34dcc4324b084a53b705127dc15717b22c5e140ae0a3c38349d4efec071e", size = 6329237, upload-time = "2026-07-01T11:56:08.868Z" },
    { url = "https://files.pythonhosted.org/packages/36/16/cf6eeaae8d0fce8dd390a33437cf68c5d5bd73834a2bc6e2f14efda0ab45/pillow-12.3.0-cp315-cp315t-manylinux_2_27_x86_64.manylinux_2_28_x86_64.whl", hash = "sha256:cf1845d02ad822a369a49f2bb9345b1614744267682e7a03527dc3bf6eea1777", size = 6997047, upload-time = "2026-07-01T11:56:11.379Z" },
    { url = "https://files.pythonhosted.org/packages/1e/69/dbf769bdd55f48bf5733cac28edc6364ffaa072ec9ba336266e4fe66be55/pillow-12.3.0-cp315-cp315t-musllinux_1_2_aarch64.whl", hash = "sha256:186941b6aef820ad110fb01fb06eb925374dc3a21b17e37ec9a53b250c6fe2d1", size = 6400440, upload-time = "2026-07-01T11:56:13.908Z" },
    { url = "https://files.pythonhosted.org/packages/a0/e1/ffc9cfc2eea0d178da8018e18e959301ad9d6bc9f3edb7181e748a474b97/pillow-12.3.0-cp315-cp315t-musllinux_1_2_x86_64.whl", hash = "sha256:f13c32a3abd6079a66d9526e18dad9b6d280384d49d7c54040cd57b6424041d9", size = 7105895, upload-time = "2026-07-01T11:56:16.575Z" },
    { url = "https://files.pythonhosted.org/packages/18/f0/a5595c1e8c3ae44b9828cb2f0fa8155e5095ef04d6327b8f61cf44a3df85/pillow-12.3.0-cp315-cp315t-win32.whl", hash = "sha256:1657923d2d45afb66526e5b933e5b3052e6bdea196c90d3abb2424e18c77dae8", size = 6474384, upload-time = "2026-07-01T11:56:18.855Z" },
    { url = "https://files.pythonhosted.org/packages/e4/04/62bcd9f844984c5938d3b05264a61d797a29d3e0812341a8204af70bbdee/pillow-12.3.0-cp315-cp315t-win_amd64.whl", hash = "sha256:8cd2f7bdda092d99c9fc2fb7391354f306d01443d22785d0cbfafa2e2c8bb418", size = 7243537, upload-time = "2026-07-01T11:56:21.214Z" },
    { url = "https://files.pythonhosted.org/packages/3d/68/1f3066acedf37673694a7141381d8f811ae97f30d34413d236abe7d489f1/pillow-12.3.0-cp315-cp315t-win_arm64.whl", hash = "sha256:06ff022112bc9cbf83b60f8e028d94ad87b60621706487e65f673de61610ab59", size = 2567491, upload-time = "2026-07-01T11:56:23.506Z" },
]

[[package]]
name = "psutil"
version = "5.9.8"
source = { registry = "https://pypi.org/simple" }
sdist = { url = "https://files.pythonhosted.org/packages/90/c7/6dc0a455d111f68ee43f27793971cf03fe29b6ef972042549db29eec39a2/psutil-5.9.8.tar.gz", hash = "sha256:6be126e3225486dff286a8fb9a06246a5253f4c7c53b475ea5f5ac934e64194c", size = 503247, upload-time = "2024-01-19T20:47:09.517Z" }
wheels = [
    { url = "https://files.pythonhosted.org/packages/e7/e3/07ae864a636d70a8a6f58da27cb1179192f1140d5d1da10886ade9405797/psutil-5.9.8-cp36-abi3-macosx_10_9_x86_64.whl", hash = "sha256:aee678c8720623dc456fa20659af736241f575d79429a0e5e9cf88ae0605cc81", size = 248702, upload-time = "2024-01-19T20:47:36.303Z" },
    { url = "https://files.pythonhosted.org/packages/b3/bd/28c5f553667116b2598b9cc55908ec435cb7f77a34f2bff3e3ca765b0f78/psutil-5.9.8-cp36-abi3-manylinux_2_12_i686.manylinux2010_i686.manylinux_2_17_i686.manylinux2014_i686.whl", hash = "sha256:8cb6403ce6d8e047495a701dc7c5bd788add903f8986d523e3e20b98b733e421", size = 285242, upload-time = "2024-01-19T20:47:39.65Z" },
    { url = "https://files.pythonhosted.org/packages/c5/4f/0e22aaa246f96d6ac87fe5ebb9c5a693fbe8877f537a1022527c47ca43c5/psutil-5.9.8-cp36-abi3-manylinux_2_12_x86_64.manylinux2010_x86_64.manylinux_2_17_x86_64.manylinux2014_x86_64.whl", hash = "sha256:d06016f7f8625a1825ba3732081d77c94589dca78b7a3fc072194851e88461a4", size = 288191, upload-time = "2024-01-19T20:47:43.078Z" },
    { url = "https://files.pythonhosted.org/packages/6e/f5/2aa3a4acdc1e5940b59d421742356f133185667dd190b166dbcfcf5d7b43/psutil-5.9.8-cp37-abi3-win32.whl", hash = "sha256:bc56c2a1b0d15aa3eaa5a60c9f3f8e3e565303b465dbf57a1b730e7a2b9844e0", size = 251252, upload-time = "2024-01-19T20:47:52.88Z" },
    { url = "https://files.pythonhosted.org/packages/93/52/3e39d26feae7df0aa0fd510b14012c3678b36ed068f7d78b8d8784d61f0e/psutil-5.9.8-cp37-abi3-win_amd64.whl", hash = "sha256:8db4c1b57507eef143a15a6884ca10f7c73876cdf5d51e713151c1236a0e68cf", size = 255090, upload-time = "2024-01-19T20:47:56.019Z" },
    { url = "https://files.pythonhosted.org/packages/05/33/2d74d588408caedd065c2497bdb5ef83ce6082db01289a1e1147f6639802/psutil-5.9.8-cp38-abi3-macosx_11_0_arm64.whl", hash = "sha256:d16bbddf0693323b8c6123dd804100241da461e41d6e332fb0ba6058f630f8c8", size = 249898, upload-time = "2024-01-19T20:47:59.238Z" },
]

[[package]]
name = "six"
version = "1.17.0"
source = { registry = "https://pypi.org/simple" }
sdist = { url = "https://files.pythonhosted.org/packages/94/e7/b2c673351809dca68a0e064b6af791aa332cf192da575fd474ed7d6f16a2/six-1.17.0.tar.gz", hash = "sha256:ff70335d468e7eb6ec65b95b99d3a2836546063f63acc5171de367e834932a81", size = 34031, upload-time = "2024-12-04T17:35:28.174Z" }
wheels = [
    { url = "https://files.pythonhosted.org/packages/b7/ce/149a00dd41f10bc29e5921b496af8b574d8413afcd5e30dfa0ed46c2cc5e/six-1.17.0-py2.py3-none-any.whl", hash = "sha256:4721f391ed90541fddacab5acf947aa0d3dc7d27b2e1e8eda2be8970586c3274", size = 11050, upload-time = "2024-12-04T17:35:26.475Z" },
]

[[package]]
name = "snoopy-firefox-theme"
version = "0.0.0"
source = { virtual = "." }
dependencies = [
    { name = "pillow" },
]

[package.dev-dependencies]
dev = [
    { name = "marionette-driver" },
]

[package.metadata]
requires-dist = [{ name = "pillow", specifier = ">=11" }]

[package.metadata.requires-dev]
dev = [{ name = "marionette-driver", specifier = ">=3" }]

[[package]]
name = "wcwidth"
version = "0.9.1"
source = { registry = "https://pypi.org/simple" }
sdist = { url = "https://files.pythonhosted.org/packages/dc/ac/3a943d2792c9bb368aaa8b50121c0f778460ba2d7fbdc0a0366201d9e761/wcwidth-0.9.1.tar.gz", hash = "sha256:5823209b0d43af322ce698c689380d7c15ca31fa8e6e3be8459f27031bef0af5", size = 952410, upload-time = "2026-09-23T20:23:49.127Z" }
wheels = [
    { url = "https://files.pythonhosted.org/packages/48/7c/130de33c0a7f6efecee28fef5711fc1f8d55ac33885a6b85f4f6689004ba/wcwidth-0.9.1-cp310-abi3-macosx_10_9_x86_64.whl", hash = "sha256:10b00ba23482e352f874d2e8135e7ace9da838646c7dd800566246bbd46125ff", size = 604219, upload-time = "2026-09-23T20:23:22.071Z" },
    { url = "https://files.pythonhosted.org/packages/33/7c/c7bb03da54de7ac5a08753e186b963f91847b04ed8ae5be136a4d5f52b75/wcwidth-0.9.1-cp310-abi3-macosx_11_0_arm64.whl", hash = "sha256:40d936d72c9bdc10df43f93a8be502bc5024b487259139f66a328722c07f34a9", size = 609038, upload-time = "2026-09-23T20:23:24.941Z" },
    { url = "https://files.pythonhosted.org/packages/0b/71/f57effdf895c2d6d49333f1d6833a9f5438725c55a04ed3124a1c95bb3aa/wcwidth-0.9.1-cp310-abi3-manylinux1_i686.manylinux2014_i686.manylinux_2_17_i686.manylinux_2_5_i686.whl", hash = "sha256:69bb970cf5652b88cfdb9d3fdd1764fc15e5f8ad531643e7bb3e894cd969740e", size = 761464, upload-time = "2026-09-23T20:23:32.425Z" },
    { url = "https://files.pythonhosted.org/packages/4f/16/15b03d8fb7a747d0d2cf4a33da7b1b3e092493c58780f6589d5b1e9e3b49/wcwidth-0.9.1-cp310-abi3-manylinux2014_aarch64.manylinux_2_17_aarch64.whl", hash = "sha256:b5da43d6967668982e44a52fb551967d293f86d26cd86036ac95bbdd34394ed9", size = 770483, upload-time = "2026-09-23T20:23:28.128Z" },
    { url = "https://files.pythonhosted.org/packages/e2/a0/834886b30e3b885a5a96e8358f1b3917bc0bac43ae4178d77f0c210d079b/wcwidth-0.9.1-cp310-abi3-manylinux2014_x86_64.manylinux_2_17_x86_64.whl", hash = "sha256:747fb724223f417a17541a95a17c1dac3a8ef9a0cf41684950f0eab191a35f65", size = 768443, upload-time = "2026-09-23T20:23:33.875Z" },
    { url = "https://files.pythonhosted.org/packages/a2/ae/1b7597e0132ebc2c920632f39d8c1c61881345c9b480c0a95eb91e7460fa/wcwidth-0.9.1-cp310-abi3-musllinux_1_2_aarch64.whl", hash = "sha256:6e1272b7986cefe79783737e38bdb9eaae0682b333c7bd132024441193dd5ce7", size = 781171, upload-time = "2026-09-23T20:23:29.46Z" },
    { url = "https://files.pythonhosted.org/packages/fb/bb/32149e3b481953f4ef35f38f166e2532886d33ae54ccdd71393f821dfad9/wcwidth-0.9.1-cp310-abi3-musllinux_1_2_i686.whl", hash = "sha256:fe021c4d8de9d36c31a0cb41d0d2546dadd3b0708a301f1a0c66ce200851831f", size = 781576, upload-time = "2026-09-23T20:23:35.504Z" },
    { url = "https://files.pythonhosted.org/packages/d6/72/1ee3dff67697bda93bc56ec9f7b3b89609cd64b9abb328512a2f22eb9e47/wcwidth-0.9.1-cp310-abi3-musllinux_1_2_x86_64.whl", hash = "sha256:708158c082364af442f9983de7b6ec9ac0d2e1b825ada25f0911b1f138d55405", size = 783526, upload-time = "2026-09-23T20:23:36.937Z" },
    { url = "https://files.pythonhosted.org/packages/ce/0a/e94f19a60f6127bcf3dfcf223ca05a37650d57b37b5ed623597c842ce7ca/wcwidth-0.9.1-cp310-abi3-win32.whl", hash = "sha256:356376852357b8fca71fe5415808ec421679e04b4a98eb7c9cb6a7984b911a05", size = 592136, upload-time = "2026-09-23T20:23:43.774Z" },
    { url = "https://files.pythonhosted.org/packages/3c/ff/d884d2ec7dcdc86cda742a86c7160bc726dbccae76d7ae1f9ac833c26680/wcwidth-0.9.1-cp310-abi3-win_amd64.whl", hash = "sha256:991d1c8834f548e9c1f16432075ee84638e122312556bbf1ed595ea8fffc4673", size = 596738, upload-time = "2026-09-23T20:23:44.989Z" },
    { url = "https://files.pythonhosted.org/packages/fa/93/16e30d617b937272a2310a6e3c1f9d8f94984e19ad4a96eb935628e3e6b6/wcwidth-0.9.1-cp310-abi3-win_arm64.whl", hash = "sha256:61bd7aef9cafb6cb77a37a169998d7928ce82a51522146d11f60db9e7d1cb43a", size = 594700, upload-time = "2026-09-23T20:23:41.013Z" },
    { url = "https://files.pythonhosted.org/packages/0b/fb/bf93868205814f03d63e5b91757cf5bee99e024ce951c2e91fdeaab49c59/wcwidth-0.9.1-cp314-cp314t-macosx_10_15_x86_64.whl", hash = "sha256:dc10e262c3ac0abbfd0a2a51e45a848b1b7f500b21ff512630277973ba25674d", size = 605391, upload-time = "2026-09-23T20:23:23.602Z" },
    { url = "https://files.pythonhosted.org/packages/59/bb/dd3ae682f8ab13b1bffd8d52320d2f7becc16e3200580015f52124636e3a/wcwidth-0.9.1-cp314-cp314t-macosx_11_0_arm64.whl", hash = "sha256:bcb9ed4a367cc025bf1092ac679a156759605182d60b7ed3c28f7221a42ddf55", size = 609851, upload-time = "2026-09-23T20:23:26.583Z" },
    { url = "https://files.pythonhosted.org/packages/56/e7/4f3a86953ab1f59eac15585795f7753da99370798f75b134d3cbf252b243/wcwidth-0.9.1-cp314-cp314t-manylinux1_i686.manylinux2014_i686.manylinux_2_17_i686.manylinux_2_5_i686.whl", hash = "sha256:0d68a30d504c68cfdff2a5f804675c1e7ab4c0bbe878024c8b680ec5579cde67", size = 774751, upload-time = "2026-09-23T20:23:38.473Z" },
    { url = "https://files.pythonhosted.org/packages/48/0c/a456332bb581ebf3eb1a7dedb1492747b15772ce82c0717cc05387a64a17/wcwidth-0.9.1-cp314-cp314t-manylinux2014_aarch64.manylinux_2_17_aarch64.whl", hash = "sha256:9f1636c5075ffd5c2e835b4561874f6e5dd2bbeba3c6c2c99f067d0d16883af8", size = 785798, upload-time = "2026-09-23T20:23:30.998Z" },
    { url = "https://files.pythonhosted.org/packages/1b/6e/a35de089370d6d872c5424d234e00a8580e62c1bff518ff583750e7b15f7/wcwidth-0.9.1-cp314-cp314t-manylinux2014_x86_64.manylinux_2_17_x86_64.whl", hash = "sha256:c4cead196551112cb8f43cdd1f80c235ef2456e34b1a9955c424537ec99961b2", size = 782933, upload-time = "2026-09-23T20:23:39.672Z" },
    { url = "https://files.pythonhosted.org/packages/ed/25/e39b6140d05f3aa8e2a6cbb2d679cba5767de7ac0a4860d1da246b6c36b3/wcwidth-0.9.1-cp314-cp314t-win32.whl", hash = "sha256:0665ee822ea04e25801e6e82e5407528be0863e88a17b0e7ca038843a4a3ac0c", size = 599829, upload-time = "2026-09-23T20:23:46.221Z" },
    { url = "https://files.pythonhosted.org/packages/12/ad/307b55d8e0a9484c48e8f78f40e9b9a4a9af0c9e2e1c5209ad6d5a09c77c/wcwidth-0.9.1-cp314-cp314t-win_amd64.whl", hash = "sha256:eab587e18e7cadf1a750b0098fc8bebfb62c125eb9306f2268f0443a282a3d78", size = 604398, upload-time = "2026-09-23T20:23:47.672Z" },
    { url = "https://files.pythonhosted.org/packages/36/f1/69566660f633e2a93df7dad7353761562e9f71bf8a5a7b1eb7f34793b45d/wcwidth-0.9.1-cp314-cp314t-win_arm64.whl", hash = "sha256:03cfca3dcbffa86564290fe3c9978a6191ba003e8ced7f7dbda315fcb3fbe725", size = 602291, upload-time = "2026-09-23T20:23:42.345Z" },
    { url = "https://files.pythonhosted.org/packages/96/a2/f06f2e0be4895e5943d358755b51968ace85774cf0a4cc42b4dafb793832/wcwidth-0.9.1-py3-none-any.whl", hash = "sha256:e0c3a1c45c5b9550c6919a4449e95f5b177f6e165786376981db8f1addae9b21", size = 300656, upload-time = "2026-09-23T20:23:20.674Z" },
]
